PODS:
  - AdColony (4.1.2)
  - AdGeneration (2.16.4)
  - AmazonAdSDK (2.0.16)
  - AppLovinSDK (6.10.1)
  - Bytedance-UnionAD (2.5.1.5)
  - ChartboostSDK (8.0.4)
  - CriteoPublisherSdk (3.2.0)
  - DIOSDK (2.8.0)
  - FBAudienceNetwork (5.6.0):
    - FBSDKCoreKit/Basics (>= 5.6.0)
  - FBSDKCoreKit/Basics (5.11.1)
  - Flurry-iOS-SDK/FlurryAds (10.0.2):
    - Flurry-iOS-SDK/FlurrySDK (~> 10.0.2)
  - Flurry-iOS-SDK/FlurrySDK (10.0.2)
  - Fyber_Marketplace_SDK (7.4.1):
    - Fyber_Marketplace_SDK/IASDKCore (= 7.4.1)
    - Fyber_Marketplace_SDK/IASDKMRAID (= 7.4.1)
    - Fyber_Marketplace_SDK/IASDKNative (= 7.4.1)
    - Fyber_Marketplace_SDK/IASDKVideo (= 7.4.1)
  - Fyber_Marketplace_SDK/IASDKCore (7.4.1)
  - Fyber_Marketplace_SDK/IASDKMRAID (7.4.1):
    - Fyber_Marketplace_SDK/IASDKCore
  - Fyber_Marketplace_SDK/IASDKNative (7.4.1):
    - Fyber_Marketplace_SDK/IASDKCore
    - Fyber_Marketplace_SDK/IASDKVideo
  - Fyber_Marketplace_SDK/IASDKVideo (7.4.1):
    - Fyber_Marketplace_SDK/IASDKCore
  - GDTMobSDK (4.10.19):
    - GDTMobSDK/GDTMobSDK (= 4.10.19)
  - GDTMobSDK/GDTMobSDK (4.10.19)
  - Google-Mobile-Ads-SDK (7.52.0):
    - GoogleAppMeasurement (~> 6.0)
  - GoogleAppMeasurement (6.1.6):
    - GoogleUtilities/AppDelegateSwizzler (~> 6.0)
    - GoogleUtilities/MethodSwizzler (~> 6.0)
    - GoogleUtilities/Network (~> 6.0)
    - "GoogleUtilities/NSData+zlib (~> 6.0)"
    - nanopb (= 0.3.9011)
  - GoogleUtilities/AppDelegateSwizzler (6.3.2):
    - GoogleUtilities/Environment
    - GoogleUtilities/Logger
    - GoogleUtilities/Network
  - GoogleUtilities/Environment (6.3.2)
  - GoogleUtilities/Logger (6.3.2):
    - GoogleUtilities/Environment
  - GoogleUtilities/MethodSwizzler (6.3.2):
    - GoogleUtilities/Logger
  - GoogleUtilities/Network (6.3.2):
    - GoogleUtilities/Logger
    - "GoogleUtilities/NSData+zlib"
    - GoogleUtilities/Reachability
  - "GoogleUtilities/NSData+zlib (6.3.2)"
  - GoogleUtilities/Reachability (6.3.2):
    - GoogleUtilities/Logger
  - IronSourceSDK (6.10.0.0)
  - KSAdSDK (2.3.9)
  - MaioSDK (1.4.8)
  - Masonry (1.1.0)
  - MintegralAdSDK (5.8.4.0):
    - MintegralAdSDK/NativeAd (= 5.8.4.0)
  - MintegralAdSDK/BannerAd (5.8.4.0):
    - MintegralAdSDK/NativeAd
  - MintegralAdSDK/InterActiveAd (5.8.4.0):
    - MintegralAdSDK/NativeAd
  - MintegralAdSDK/InterstitialAd (5.8.4.0):
    - MintegralAdSDK/NativeAd
  - MintegralAdSDK/InterstitialVideoAd (5.8.4.0):
    - MintegralAdSDK/NativeAd
  - MintegralAdSDK/NativeAd (5.8.4.0)
  - MintegralAdSDK/RewardVideoAd (5.8.4.0):
    - MintegralAdSDK/NativeAd
  - mopub-ios-sdk (5.10.0):
    - mopub-ios-sdk/MoPubSDK (= 5.10.0)
  - mopub-ios-sdk/Avid (5.10.0):
    - mopub-ios-sdk/Core
  - mopub-ios-sdk/Core (5.10.0)
  - mopub-ios-sdk/Moat (5.10.0):
    - mopub-ios-sdk/Core
  - mopub-ios-sdk/MoPubSDK (5.10.0):
    - mopub-ios-sdk/Avid
    - mopub-ios-sdk/Core
    - mopub-ios-sdk/Moat
  - nanopb (0.3.9011):
    - nanopb/decode (= 0.3.9011)
    - nanopb/encode (= 0.3.9011)
  - nanopb/decode (0.3.9011)
  - nanopb/encode (0.3.9011)
  - NendSDK_iOS (5.3.1)
  - TapjoySDK (12.3.4)
  - TaurusXAdMediation_AdColony (4.1.2.1):
    - AdColony (~> 4.1.2)
    - TaurusXAds
  - TaurusXAdMediation_AdGeneration (2.16.4.1):
    - AdGeneration (~> 2.16.4)
    - TaurusXAds
  - TaurusXAdMediation_Amazon (2.2.17.2):
    - AmazonAdSDK (= 2.0.16)
    - TaurusXAds
  - TaurusXAdMediation_AppLovin (6.10.1.0):
    - AppLovinSDK (~> 6.10.1)
    - TaurusXAds
  - TaurusXAdMediation_Baidu (4.67.3):
    - TaurusXAds
  - TaurusXAdMediation_Chartboost (8.0.3.1):
    - ChartboostSDK (~> 8.0.3)
    - TaurusXAds
  - TaurusXAdMediation_Criteo (3.2.0.0):
    - CriteoPublisherSdk (~> 3.2.0)
    - TaurusXAds
  - TaurusXAdMediation_DUAdPlatform (1.1.4.1):
    - TaurusXAds
  - TaurusXAdMediation_Facebook (5.6.0.0):
    - FBAudienceNetwork (~> 5.6.0)
    - TaurusXAds
  - TaurusXAdMediation_Five (20191016.0):
    - TaurusXAds
  - TaurusXAdMediation_Flurry (10.0.2.0):
    - Flurry-iOS-SDK/FlurryAds (= 10.0.2)
    - Flurry-iOS-SDK/FlurrySDK (= 10.0.2)
    - TaurusXAds
  - TaurusXAdMediation_Fyber (7.4.1.0):
    - Fyber_Marketplace_SDK (= 7.4.1)
    - TaurusXAds
  - TaurusXAdMediation_GDT (4.10.19.1):
    - GDTMobSDK (~> 4.10.19)
    - TaurusXAds
  - TaurusXAdMediation_GoogleAds (7.52.0.1):
    - Google-Mobile-Ads-SDK (~> 7.52.0)
    - TaurusXAds
  - TaurusXAdMediation_IronSource (6.10.0.0.0):
    - IronSourceSDK (~> 6.10.0.0)
    - TaurusXAds
  - TaurusXAdMediation_KuaiShou (2.3.9.0):
    - KSAdSDK (~> 2.3.9)
    - TaurusXAds
  - TaurusXAdMediation_Maio (1.4.8.0):
    - MaioSDK (~> 1.4.8)
    - TaurusXAds
  - TaurusXAdMediation_Mobvista (5.8.4.0.3):
    - MintegralAdSDK (~> 5.8.4.0)
    - MintegralAdSDK/BannerAd (~> 5.8.4.0)
    - MintegralAdSDK/InterActiveAd (~> 5.8.4.0)
    - MintegralAdSDK/InterstitialAd (~> 5.8.4.0)
    - MintegralAdSDK/InterstitialVideoAd (~> 5.8.4.0)
    - MintegralAdSDK/RewardVideoAd (~> 5.8.4.0)
    - TaurusXAds
  - TaurusXAdMediation_MoPub (5.10.0.2):
    - mopub-ios-sdk (~> 5.10.0)
    - TaurusXAds
  - TaurusXAdMediation_Nend (5.3.0.0):
    - NendSDK_iOS (~> 5.3.0)
    - TaurusXAds
  - TaurusXAdMediation_Tapjoy (12.3.4.0):
    - TapjoySDK (~> 12.3.4)
    - TaurusXAds
  - TaurusXAdMediation_TikTok (2.5.1.5.1):
    - Bytedance-UnionAD (~> 2.5.1.5)
    - TaurusXAds
  - TaurusXAdMediation_UnityAds (3.3.0.0):
    - TaurusXAds
    - UnityAds (~> 3.3.0)
  - TaurusXAdMediation_Vungle (6.4.5.1):
    - TaurusXAds
    - VungleSDK-iOS (~> 6.4.5)
  - TaurusXAds (1.5.2)
  - UnityAds (3.3.0)
  - VungleSDK-iOS (6.4.6)

DEPENDENCIES:
  - DIOSDK
  - Masonry
  - TaurusXAdMediation_AdColony
  - TaurusXAdMediation_AdGeneration
  - TaurusXAdMediation_Amazon
  - TaurusXAdMediation_AppLovin
  - TaurusXAdMediation_Baidu
  - TaurusXAdMediation_Chartboost
  - TaurusXAdMediation_Criteo
  - TaurusXAdMediation_DUAdPlatform
  - TaurusXAdMediation_Facebook
  - TaurusXAdMediation_Five
  - TaurusXAdMediation_Flurry
  - TaurusXAdMediation_Fyber
  - TaurusXAdMediation_GDT
  - TaurusXAdMediation_GoogleAds
  - TaurusXAdMediation_IronSource
  - TaurusXAdMediation_KuaiShou
  - TaurusXAdMediation_Maio
  - TaurusXAdMediation_Mobvista
  - TaurusXAdMediation_MoPub
  - TaurusXAdMediation_Nend
  - TaurusXAdMediation_Tapjoy
  - TaurusXAdMediation_TikTok
  - TaurusXAdMediation_UnityAds
  - TaurusXAdMediation_Vungle
  - TaurusXAds

SPEC REPOS:
  trunk:
    - AdColony
    - AdGeneration
    - AmazonAdSDK
    - AppLovinSDK
    - Bytedance-UnionAD
    - ChartboostSDK
    - CriteoPublisherSdk
    - DIOSDK
    - FBAudienceNetwork
    - FBSDKCoreKit
    - Flurry-iOS-SDK
    - Fyber_Marketplace_SDK
    - GDTMobSDK
    - Google-Mobile-Ads-SDK
    - GoogleAppMeasurement
    - GoogleUtilities
    - IronSourceSDK
    - KSAdSDK
    - MaioSDK
    - Masonry
    - MintegralAdSDK
    - mopub-ios-sdk
    - nanopb
    - NendSDK_iOS
    - TapjoySDK
    - TaurusXAdMediation_AdColony
    - TaurusXAdMediation_AdGeneration
    - TaurusXAdMediation_Amazon
    - TaurusXAdMediation_AppLovin
    - TaurusXAdMediation_Baidu
    - TaurusXAdMediation_Chartboost
    - TaurusXAdMediation_Criteo
    - TaurusXAdMediation_DUAdPlatform
    - TaurusXAdMediation_Facebook
    - TaurusXAdMediation_Five
    - TaurusXAdMediation_Flurry
    - TaurusXAdMediation_Fyber
    - TaurusXAdMediation_GDT
    - TaurusXAdMediation_GoogleAds
    - TaurusXAdMediation_IronSource
    - TaurusXAdMediation_KuaiShou
    - TaurusXAdMediation_Maio
    - TaurusXAdMediation_Mobvista
    - TaurusXAdMediation_MoPub
    - TaurusXAdMediation_Nend
    - TaurusXAdMediation_Tapjoy
    - TaurusXAdMediation_TikTok
    - TaurusXAdMediation_UnityAds
    - TaurusXAdMediation_Vungle
    - TaurusXAds
    - UnityAds
    - VungleSDK-iOS

SPEC CHECKSUMS:
  AdColony: 0a1e13349ce430ce29374c665611013fd78f792c
  AdGeneration: 96b6f8c0bd086a900e4df8076c860ee1af5aa5e6
  AmazonAdSDK: d904f74444fa9bbf671ced9cf5abc9d9de41cdc5
  AppLovinSDK: ebc27a9dfeb1f73b9eb0c4f37d76b279198abf5f
  Bytedance-UnionAD: 7705ad5c88472c13b503c45d5ecc09114f063913
  ChartboostSDK: 53030515811fcd99848244c2c2ff2031079d541b
  CriteoPublisherSdk: 4697cb44768aa99aa0347d920826a1d24a9e044f
  DIOSDK: a87c14789d32d6d42680d8dcc314918cad5fa2ea
  FBAudienceNetwork: 1ea63543665445a3a5b4a059e8210a343b6ab3c1
  FBSDKCoreKit: 5aada61a229054694810f3cee231f986004b3c49
  Flurry-iOS-SDK: 71da0ebf2088b15d8899da71050efc8b33bfd21f
  Fyber_Marketplace_SDK: 53dd4482f7f21a2b2ddc8258fa9b5a0e2251bc4a
  GDTMobSDK: 7cadef357ef98125c5fb4e3cb9e50f3afe7801f4
  Google-Mobile-Ads-SDK: 62f6244637306cb60a1b4adda067f53224c7a860
  GoogleAppMeasurement: dfe55efa543e899d906309eaaac6ca26d249862f
  GoogleUtilities: 547a86735c6f0ee30ad17e94df4fc21f616b71cb
  IronSourceSDK: 5848e9831f2f83529d19c64eb8d22e3afb9ec3e6
  KSAdSDK: 67f61f800594ef0c91ff49b31df389444aedd038
  MaioSDK: 739514080b0d9c3b3e3457c90b53fec2ee1d5cc2
  Masonry: 678fab65091a9290e40e2832a55e7ab731aad201
  MintegralAdSDK: f26898e40a1676b53508ea4aa145ce70a897fc46
  mopub-ios-sdk: 3d65133b95b6498aa871a66818a11a5ba307e565
  nanopb: 18003b5e52dab79db540fe93fe9579f399bd1ccd
  NendSDK_iOS: b74e0a6408e4c9c1c0b653ca9a55762e315949f2
  TapjoySDK: 4325bc3c42ae91fed30929792a71d380c63a3c6c
  TaurusXAdMediation_AdColony: b5754aa167bb34cc13782b4514e46ee2b232fe48
  TaurusXAdMediation_AdGeneration: 2a2b53887c8c104c09f8d83dfe9159081abf6625
  TaurusXAdMediation_Amazon: 018059c12021fc86d8a57046a85990ee78599afd
  TaurusXAdMediation_AppLovin: 67af916c81e3443daf2d35c87dd3e592e512b59c
  TaurusXAdMediation_Baidu: ff4ed51f2961e3069582d00479c6252df489a37c
  TaurusXAdMediation_Chartboost: 24d7dba88d3fe3bb8d5fd28cc246a0d7979fc68d
  TaurusXAdMediation_Criteo: cc5d742d729db6d87ea8ddb62d9f90dbdc72bd51
  TaurusXAdMediation_DUAdPlatform: d989bbe0c134c8cd5a7051f5ff94d8787b9307ee
  TaurusXAdMediation_Facebook: eda0184d1f7a659755be6fe74995ba9afe934652
  TaurusXAdMediation_Five: c092efa80f0c88881fcf9e67947cd7ebf7869782
  TaurusXAdMediation_Flurry: 718b7595bb2f63667534a666d476893775d2ef7a
  TaurusXAdMediation_Fyber: 530b01cafc738fb82ea2547b33d3808a26b78776
  TaurusXAdMediation_GDT: 599d9c3aaaf694d01f658cab3bde2d52c549c40b
  TaurusXAdMediation_GoogleAds: 8706b050c3ded4fef6660e7d9e7adce37f8fccc9
  TaurusXAdMediation_IronSource: 77dd5b38daac60e476ca77ad8aae8cc30316a575
  TaurusXAdMediation_KuaiShou: 30861bdf43a147c7b9305ec9271029e3a2979244
  TaurusXAdMediation_Maio: 4f8b11b06e95e366dbf67da5199eed2e16a1da79
  TaurusXAdMediation_Mobvista: 5c6079062ad8de2a2587dbb2e5b2447886ed9d6f
  TaurusXAdMediation_MoPub: 28a05ca9fef0f9ac644bce390cbb1b237524216f
  TaurusXAdMediation_Nend: 54af0b696a863a660dfdbc9c6c28da8f23f11c99
  TaurusXAdMediation_Tapjoy: e51cda4350130e033c8ca1f03f9b5e7d14ea03da
  TaurusXAdMediation_TikTok: 3654577acd47fd19146db82f820a85316fdb05b0
  TaurusXAdMediation_UnityAds: e8e8613908f0dce460074b430e45f5639970c9c0
  TaurusXAdMediation_Vungle: 3c0b5341b06376809c0c65d441e4e9ce237a611a
  TaurusXAds: 3bca457007b9c6108d999aae3ba688e748af1d3b
  UnityAds: 0b7ecf8df83e8a3d62122a3fcf61e47c8e848f3c
  VungleSDK-iOS: 6bf8b4fef32afc169acbc1291485560c81ceb293

PODFILE CHECKSUM: 068003d0899ae3a7ba106a699af2492b04b78dd4

COCOAPODS: 1.8.4
