PODS:
  - AdColony (4.1.1)
  - AdGeneration (2.15.2)
  - AmazonAdSDK (2.0.16)
  - AppLovinSDK (6.9.5)
  - Bytedance-UnionAD (2.4.6.7)
  - ChartboostSDK (8.0.1)
  - FBAudienceNetwork (5.5.1):
    - FBSDKCoreKit/Basics (>= 5.2.1)
  - FBSDKCoreKit/Basics (5.8.0)
  - Flurry-iOS-SDK/FlurryAds (10.0.2):
    - Flurry-iOS-SDK/FlurrySDK (~> 10.0.2)
  - Flurry-iOS-SDK/FlurrySDK (10.0.2)
  - Google-Mobile-Ads-SDK (7.50.0):
    - GoogleAppMeasurement (~> 6.0)
  - GoogleAppMeasurement (6.1.3):
    - GoogleUtilities/AppDelegateSwizzler (~> 6.0)
    - GoogleUtilities/MethodSwizzler (~> 6.0)
    - GoogleUtilities/Network (~> 6.0)
    - "GoogleUtilities/NSData+zlib (~> 6.0)"
    - nanopb (~> 0.3.901)
  - GoogleUtilities/AppDelegateSwizzler (6.3.1):
    - GoogleUtilities/Environment
    - GoogleUtilities/Logger
    - GoogleUtilities/Network
  - GoogleUtilities/Environment (6.3.1)
  - GoogleUtilities/Logger (6.3.1):
    - GoogleUtilities/Environment
  - GoogleUtilities/MethodSwizzler (6.3.1):
    - GoogleUtilities/Logger
  - GoogleUtilities/Network (6.3.1):
    - GoogleUtilities/Logger
    - "GoogleUtilities/NSData+zlib"
    - GoogleUtilities/Reachability
  - "GoogleUtilities/NSData+zlib (6.3.1)"
  - GoogleUtilities/Reachability (6.3.1):
    - GoogleUtilities/Logger
  - IronSourceSDK (6.8.7.0)
  - MaioSDK (1.4.8)
  - Masonry (1.1.0)
  - mopub-ios-sdk (5.9.0):
    - mopub-ios-sdk/MoPubSDK (= 5.9.0)
  - mopub-ios-sdk/Avid (5.9.0):
    - mopub-ios-sdk/Core
  - mopub-ios-sdk/Core (5.9.0)
  - mopub-ios-sdk/Moat (5.9.0):
    - mopub-ios-sdk/Core
  - mopub-ios-sdk/MoPubSDK (5.9.0):
    - mopub-ios-sdk/Avid
    - mopub-ios-sdk/Core
    - mopub-ios-sdk/Moat
  - nanopb (0.3.901):
    - nanopb/decode (= 0.3.901)
    - nanopb/encode (= 0.3.901)
  - nanopb/decode (0.3.901)
  - nanopb/encode (0.3.901)
  - NendSDK_iOS (5.3.0)
  - TaurusXAdMediation_AdColony (4.1.1.0):
    - AdColony (~> 4.1.1)
    - TaurusXAds
  - TaurusXAdMediation_AdGeneration (2.15.2.0):
    - AdGeneration (~> 2.15.2)
    - TaurusXAds
  - TaurusXAdMediation_Amazon (2.2.17.2):
    - AmazonAdSDK (= 2.0.16)
    - TaurusXAds
  - TaurusXAdMediation_AppLovin (6.9.4.0):
    - AppLovinSDK (~> 6.9.4)
    - TaurusXAds
  - TaurusXAdMediation_Chartboost (8.0.1.2):
    - ChartboostSDK (~> 8.0.1)
    - TaurusXAds
  - TaurusXAdMediation_Facebook (5.5.1.0):
    - FBAudienceNetwork (~> 5.5.1)
    - TaurusXAds
  - TaurusXAdMediation_Flurry (10.0.2.0):
    - Flurry-iOS-SDK/FlurryAds (= 10.0.2)
    - Flurry-iOS-SDK/FlurrySDK (= 10.0.2)
    - TaurusXAds
  - TaurusXAdMediation_GoogleAds (7.50.0.0):
    - Google-Mobile-Ads-SDK (~> 7.50.0)
    - TaurusXAds
  - TaurusXAdMediation_IronSource (6.8.7.0.0):
    - IronSourceSDK (~> 6.8.7.0)
    - TaurusXAds
  - TaurusXAdMediation_Maio (1.4.8.0):
    - MaioSDK (~> 1.4.8)
    - TaurusXAds
  - TaurusXAdMediation_MoPub (5.9.0.0):
    - mopub-ios-sdk (~> 5.9.0)
    - TaurusXAds
  - TaurusXAdMediation_Nend (5.3.0.0):
    - NendSDK_iOS (~> 5.3.0)
    - TaurusXAds
  - TaurusXAdMediation_TikTok (2.4.6.3.1):
    - Bytedance-UnionAD (~> 2.4.6.3)
    - TaurusXAds
  - TaurusXAdMediation_UnityAds (3.3.0.0):
    - TaurusXAds
    - UnityAds (~> 3.3.0)
  - TaurusXAdMediation_Vungle (6.4.5.0):
    - TaurusXAds
    - VungleSDK-iOS (~> 6.4.5)
  - TaurusXAds (1.3.5)
  - UnityAds (3.3.0)
  - VungleSDK-iOS (6.4.5)

DEPENDENCIES:
  - Masonry
  - TaurusXAdMediation_AdColony
  - TaurusXAdMediation_AdGeneration
  - TaurusXAdMediation_Amazon
  - TaurusXAdMediation_AppLovin
  - TaurusXAdMediation_Chartboost
  - TaurusXAdMediation_Facebook
  - TaurusXAdMediation_Flurry
  - TaurusXAdMediation_GoogleAds
  - TaurusXAdMediation_IronSource
  - TaurusXAdMediation_Maio
  - TaurusXAdMediation_MoPub
  - TaurusXAdMediation_Nend
  - TaurusXAdMediation_TikTok
  - TaurusXAdMediation_UnityAds
  - TaurusXAdMediation_Vungle
  - TaurusXAds

SPEC REPOS:
  trunk:
    - AdColony
    - AdGeneration
    - AmazonAdSDK
    - AppLovinSDK
    - Bytedance-UnionAD
    - ChartboostSDK
    - FBAudienceNetwork
    - FBSDKCoreKit
    - Flurry-iOS-SDK
    - Google-Mobile-Ads-SDK
    - GoogleAppMeasurement
    - GoogleUtilities
    - IronSourceSDK
    - MaioSDK
    - Masonry
    - mopub-ios-sdk
    - nanopb
    - NendSDK_iOS
    - TaurusXAdMediation_AdColony
    - TaurusXAdMediation_AdGeneration
    - TaurusXAdMediation_Amazon
    - TaurusXAdMediation_AppLovin
    - TaurusXAdMediation_Chartboost
    - TaurusXAdMediation_Facebook
    - TaurusXAdMediation_Flurry
    - TaurusXAdMediation_GoogleAds
    - TaurusXAdMediation_IronSource
    - TaurusXAdMediation_Maio
    - TaurusXAdMediation_MoPub
    - TaurusXAdMediation_Nend
    - TaurusXAdMediation_TikTok
    - TaurusXAdMediation_UnityAds
    - TaurusXAdMediation_Vungle
    - TaurusXAds
    - UnityAds
    - VungleSDK-iOS

SPEC CHECKSUMS:
  AdColony: bc18ed5b7cd138b547f602e9da1572b0140396ee
  AdGeneration: 36d8f2bdb4513488244df9112ea18cc530f85a24
  AmazonAdSDK: d904f74444fa9bbf671ced9cf5abc9d9de41cdc5
  AppLovinSDK: 15268696b789c0954520ca95022fe2453bc41291
  Bytedance-UnionAD: 794d75a1af5f3635e0c2ea9d6f74720b56dba43e
  ChartboostSDK: 28c7d73f75d34afbc2b9fdcf993382132cf0569a
  FBAudienceNetwork: 783ff4808b0b59d0eb294dd94eb251f46e0ce5c9
  FBSDKCoreKit: e7dcac0aabcfb09d0166998edd95fe3b05a0ce5d
  Flurry-iOS-SDK: 71da0ebf2088b15d8899da71050efc8b33bfd21f
  Google-Mobile-Ads-SDK: d48dbaf5bae1ab7a94a9786f493c26c454bc6f16
  GoogleAppMeasurement: 434cc7be25e71dc04b8d0e3079125127b330e84a
  GoogleUtilities: f895fde57977df4e0233edda0dbeac490e3703b6
  IronSourceSDK: 23501d62c9b545244d58d5da02e4926ff6382b91
  MaioSDK: 739514080b0d9c3b3e3457c90b53fec2ee1d5cc2
  Masonry: 678fab65091a9290e40e2832a55e7ab731aad201
  mopub-ios-sdk: 7a5d264dc92c3e6c791bdcd476a2602f71acf331
  nanopb: 2901f78ea1b7b4015c860c2fdd1ea2fee1a18d48
  NendSDK_iOS: 42684cd12395127ea6cf113009ecb4714cc87fe3
  TaurusXAdMediation_AdColony: 2ffeaa983e7a7022df5d59e9682ac41325c38339
  TaurusXAdMediation_AdGeneration: 7e3f5b8f5a6c29e57cfc40cd40f7a55586feeabd
  TaurusXAdMediation_Amazon: 018059c12021fc86d8a57046a85990ee78599afd
  TaurusXAdMediation_AppLovin: a2ce37172c8abf86e2659a6d75946963e0a82a82
  TaurusXAdMediation_Chartboost: 775eed1fd566f8925ea9f19c7c7ba4e24eebcd33
  TaurusXAdMediation_Facebook: 807ce0211c6d2e11169c2c6270c85940f6390f07
  TaurusXAdMediation_Flurry: 718b7595bb2f63667534a666d476893775d2ef7a
  TaurusXAdMediation_GoogleAds: 019cb1b366e2137df0ac4c425739f11873a9ed81
  TaurusXAdMediation_IronSource: ed2d91da202c889f4b84919860e3532ba7c474e0
  TaurusXAdMediation_Maio: 4f8b11b06e95e366dbf67da5199eed2e16a1da79
  TaurusXAdMediation_MoPub: 38a8dd1d28310ed2eef6597d8f1cd5e876e8f121
  TaurusXAdMediation_Nend: 54af0b696a863a660dfdbc9c6c28da8f23f11c99
  TaurusXAdMediation_TikTok: 9178a305485df0b1ebf554a2fe23606cac39ce9e
  TaurusXAdMediation_UnityAds: e8e8613908f0dce460074b430e45f5639970c9c0
  TaurusXAdMediation_Vungle: c79b2a38bb4191331742f5626f9ae0e4b5d7351f
  TaurusXAds: 30e3000996d3fe36f140db0f717ea025944f08fb
  UnityAds: 0b7ecf8df83e8a3d62122a3fcf61e47c8e848f3c
  VungleSDK-iOS: 8951559521dd73c3f947757e9a4c4bbfd8645b7f

PODFILE CHECKSUM: 87f1f0a944114f9778c402eadc146760c06fd6b3

COCOAPODS: 1.8.3
