PODS:
  - AdColony (4.1.4)
  - AdGeneration (2.17.0)
  - AmazonAdSDK (2.0.16)
  - AppLovinSDK (6.11.4)
  - Bytedance-UnionAD (2.8.0.1)
  - ChartboostSDK (8.0.4)
  - CriteoPublisherSdk (3.2.0)
  - DIOSDK (3.1.0)
  - FBAudienceNetwork (5.7.1):
    - FBSDKCoreKit/Basics (>= 5.6.0)
  - FBSDKCoreKit/Basics (6.2.0)
  - Flurry-iOS-SDK/FlurryAds (10.0.2):
    - Flurry-iOS-SDK/FlurrySDK (~> 10.0.2)
  - Flurry-iOS-SDK/FlurrySDK (10.0.2)
  - Fyber_Marketplace_SDK (7.5.0):
    - Fyber_Marketplace_SDK/IASDKCore (= 7.5.0)
    - Fyber_Marketplace_SDK/IASDKMRAID (= 7.5.0)
    - Fyber_Marketplace_SDK/IASDKVideo (= 7.5.0)
  - Fyber_Marketplace_SDK/IASDKCore (7.5.0)
  - Fyber_Marketplace_SDK/IASDKMRAID (7.5.0):
    - Fyber_Marketplace_SDK/IASDKCore
  - Fyber_Marketplace_SDK/IASDKVideo (7.5.0):
    - Fyber_Marketplace_SDK/IASDKCore
  - GDTMobSDK (4.11.5):
    - GDTMobSDK/GDTMobSDK (= 4.11.5)
  - GDTMobSDK/GDTMobSDK (4.11.5)
  - Google-Mobile-Ads-SDK (7.56.0):
    - GoogleAppMeasurement (~> 6.0)
  - GoogleAppMeasurement (6.3.1):
    - GoogleUtilities/AppDelegateSwizzler (~> 6.0)
    - GoogleUtilities/MethodSwizzler (~> 6.0)
    - GoogleUtilities/Network (~> 6.0)
    - "GoogleUtilities/NSData+zlib (~> 6.0)"
    - nanopb (= 0.3.9011)
  - GoogleUtilities/AppDelegateSwizzler (6.5.2):
    - GoogleUtilities/Environment
    - GoogleUtilities/Logger
    - GoogleUtilities/Network
  - GoogleUtilities/Environment (6.5.2)
  - GoogleUtilities/Logger (6.5.2):
    - GoogleUtilities/Environment
  - GoogleUtilities/MethodSwizzler (6.5.2):
    - GoogleUtilities/Logger
  - GoogleUtilities/Network (6.5.2):
    - GoogleUtilities/Logger
    - "GoogleUtilities/NSData+zlib"
    - GoogleUtilities/Reachability
  - "GoogleUtilities/NSData+zlib (6.5.2)"
  - GoogleUtilities/Reachability (6.5.2):
    - GoogleUtilities/Logger
  - IronSourceSDK (6.10.0.0)
  - KSAdSDK (2.6.0.13)
  - MaioSDK (1.5.3)
  - Masonry (1.1.0)
  - MintegralAdSDK (5.8.7.0):
    - MintegralAdSDK/NativeAd (= 5.8.7.0)
  - MintegralAdSDK/BannerAd (5.8.7.0):
    - MintegralAdSDK/NativeAd
  - MintegralAdSDK/InterActiveAd (5.8.7.0):
    - MintegralAdSDK/NativeAd
  - MintegralAdSDK/InterstitialAd (5.8.7.0):
    - MintegralAdSDK/NativeAd
  - MintegralAdSDK/InterstitialVideoAd (5.8.7.0):
    - MintegralAdSDK/NativeAd
  - MintegralAdSDK/NativeAd (5.8.7.0)
  - MintegralAdSDK/RewardVideoAd (5.8.7.0):
    - MintegralAdSDK/NativeAd
  - mopub-ios-sdk (5.11.0):
    - mopub-ios-sdk/MoPubSDK (= 5.11.0)
  - mopub-ios-sdk/Avid (5.11.0):
    - mopub-ios-sdk/Core
  - mopub-ios-sdk/Core (5.11.0)
  - mopub-ios-sdk/Moat (5.11.0):
    - mopub-ios-sdk/Core
  - mopub-ios-sdk/MoPubSDK (5.11.0):
    - mopub-ios-sdk/Avid
    - mopub-ios-sdk/Core
    - mopub-ios-sdk/Moat
    - mopub-ios-sdk/NativeAds
  - mopub-ios-sdk/NativeAds (5.11.0):
    - mopub-ios-sdk/Core
  - nanopb (0.3.9011):
    - nanopb/decode (= 0.3.9011)
    - nanopb/encode (= 0.3.9011)
  - nanopb/decode (0.3.9011)
  - nanopb/encode (0.3.9011)
  - NendSDK_iOS (5.4.1)
  - Probe (1.0.2):
    - TaurusXAds
  - SigmobAd-iOS (2.15.2)
  - TapjoySDK (12.3.4)
  - TaurusXAdMediation_AdColony (4.1.2.2):
    - AdColony (~> 4.1.2)
    - TaurusXAds
  - TaurusXAdMediation_AdGeneration (2.17.0.0):
    - AdGeneration (~> 2.17.0)
    - TaurusXAds
  - TaurusXAdMediation_Amazon (2.2.17.3):
    - AmazonAdSDK (= 2.0.16)
    - TaurusXAds
  - TaurusXAdMediation_AppLovin (6.11.4.1):
    - AppLovinSDK (= 6.11.4)
    - TaurusXAds
  - TaurusXAdMediation_Baidu (4.67.4):
    - TaurusXAds
  - TaurusXAdMediation_Chartboost (8.0.3.2):
    - ChartboostSDK (~> 8.0.3)
    - TaurusXAds
  - TaurusXAdMediation_Criteo (3.2.0.0):
    - CriteoPublisherSdk (~> 3.2.0)
    - TaurusXAds
  - TaurusXAdMediation_DisplayIO (3.1.0.0):
    - DIOSDK (= 3.1.0)
    - TaurusXAds
  - TaurusXAdMediation_DUAdPlatform (1.1.4.2):
    - TaurusXAds
  - TaurusXAdMediation_Facebook (5.7.1.0):
    - FBAudienceNetwork (= 5.7.1)
    - TaurusXAds
  - TaurusXAdMediation_Five (20191223.0):
    - TaurusXAds
  - TaurusXAdMediation_Flurry (10.0.2.2):
    - Flurry-iOS-SDK/FlurryAds (= 10.0.2)
    - Flurry-iOS-SDK/FlurrySDK (= 10.0.2)
    - TaurusXAds
  - TaurusXAdMediation_Fyber (7.5.0.1):
    - Fyber_Marketplace_SDK (= 7.5.0)
    - TaurusXAds
  - TaurusXAdMediation_GDT (4.11.5.0):
    - GDTMobSDK (= 4.11.5)
    - TaurusXAds
  - TaurusXAdMediation_GoogleAds (7.56.0.1):
    - Google-Mobile-Ads-SDK (= 7.56.0)
    - TaurusXAds
  - TaurusXAdMediation_Imobile (2.0.31.3):
    - TaurusXAds
  - TaurusXAdMediation_InMobi (7.4.3.0):
    - TaurusXAds
  - TaurusXAdMediation_IronSource (6.10.0.0.0):
    - IronSourceSDK (~> 6.10.0.0)
    - TaurusXAds
  - TaurusXAdMediation_KuaiShou (2.6.0.13.1):
    - KSAdSDK (= 2.6.0.13)
    - TaurusXAds
  - TaurusXAdMediation_Maio (1.5.3.0):
    - MaioSDK (= 1.5.3)
    - TaurusXAds
  - TaurusXAdMediation_Mobvista (5.8.7.0.1):
    - MintegralAdSDK (~> 5.8.7.0)
    - MintegralAdSDK/BannerAd (~> 5.8.7.0)
    - MintegralAdSDK/InterActiveAd (~> 5.8.7.0)
    - MintegralAdSDK/InterstitialAd (~> 5.8.7.0)
    - MintegralAdSDK/InterstitialVideoAd (~> 5.8.7.0)
    - MintegralAdSDK/RewardVideoAd (~> 5.8.7.0)
    - TaurusXAds
  - TaurusXAdMediation_MoPub (5.11.0.2):
    - mopub-ios-sdk (= 5.11.0)
    - TaurusXAds
  - TaurusXAdMediation_Nend (5.4.1.0):
    - NendSDK_iOS (= 5.4.1)
    - TaurusXAds
  - TaurusXAdMediation_Sigmob (2.15.2.0):
    - SigmobAd-iOS (= 2.15.2)
    - TaurusXAds
  - TaurusXAdMediation_Tapjoy (12.3.4.1):
    - TapjoySDK (~> 12.3.4)
    - TaurusXAds
  - TaurusXAdMediation_TikTok (2.8.0.1.1):
    - Bytedance-UnionAD (= 2.8.0.1)
    - TaurusXAds
  - TaurusXAdMediation_UnityAds (3.3.0.1):
    - TaurusXAds
    - UnityAds (~> 3.3.0)
  - TaurusXAdMediation_Vungle (6.4.5.3):
    - TaurusXAds
    - VungleSDK-iOS (~> 6.4.5)
  - TaurusXAds (1.7.3)
  - UnityAds (3.3.0)
  - VungleSDK-iOS (6.4.6)

DEPENDENCIES:
  - Masonry
  - Probe
  - TaurusXAdMediation_AdColony
  - TaurusXAdMediation_AdGeneration
  - TaurusXAdMediation_Amazon
  - TaurusXAdMediation_AppLovin
  - TaurusXAdMediation_Baidu
  - TaurusXAdMediation_Chartboost
  - TaurusXAdMediation_Criteo
  - TaurusXAdMediation_DisplayIO
  - TaurusXAdMediation_DUAdPlatform
  - TaurusXAdMediation_Facebook
  - TaurusXAdMediation_Five
  - TaurusXAdMediation_Flurry
  - TaurusXAdMediation_Fyber
  - TaurusXAdMediation_GDT
  - TaurusXAdMediation_GoogleAds
  - TaurusXAdMediation_Imobile
  - TaurusXAdMediation_InMobi
  - TaurusXAdMediation_IronSource
  - TaurusXAdMediation_KuaiShou
  - TaurusXAdMediation_Maio
  - TaurusXAdMediation_Mobvista
  - TaurusXAdMediation_MoPub
  - TaurusXAdMediation_Nend
  - TaurusXAdMediation_Sigmob
  - TaurusXAdMediation_Tapjoy
  - TaurusXAdMediation_TikTok
  - TaurusXAdMediation_UnityAds
  - TaurusXAdMediation_Vungle
  - TaurusXAds

SPEC REPOS:
  trunk:
    - AdColony
    - AdGeneration
    - AmazonAdSDK
    - AppLovinSDK
    - Bytedance-UnionAD
    - ChartboostSDK
    - CriteoPublisherSdk
    - DIOSDK
    - FBAudienceNetwork
    - FBSDKCoreKit
    - Flurry-iOS-SDK
    - Fyber_Marketplace_SDK
    - GDTMobSDK
    - Google-Mobile-Ads-SDK
    - GoogleAppMeasurement
    - GoogleUtilities
    - IronSourceSDK
    - KSAdSDK
    - MaioSDK
    - Masonry
    - MintegralAdSDK
    - mopub-ios-sdk
    - nanopb
    - NendSDK_iOS
    - Probe
    - SigmobAd-iOS
    - TapjoySDK
    - TaurusXAdMediation_AdColony
    - TaurusXAdMediation_AdGeneration
    - TaurusXAdMediation_Amazon
    - TaurusXAdMediation_AppLovin
    - TaurusXAdMediation_Baidu
    - TaurusXAdMediation_Chartboost
    - TaurusXAdMediation_Criteo
    - TaurusXAdMediation_DisplayIO
    - TaurusXAdMediation_DUAdPlatform
    - TaurusXAdMediation_Facebook
    - TaurusXAdMediation_Five
    - TaurusXAdMediation_Flurry
    - TaurusXAdMediation_Fyber
    - TaurusXAdMediation_GDT
    - TaurusXAdMediation_GoogleAds
    - TaurusXAdMediation_Imobile
    - TaurusXAdMediation_InMobi
    - TaurusXAdMediation_IronSource
    - TaurusXAdMediation_KuaiShou
    - TaurusXAdMediation_Maio
    - TaurusXAdMediation_Mobvista
    - TaurusXAdMediation_MoPub
    - TaurusXAdMediation_Nend
    - TaurusXAdMediation_Sigmob
    - TaurusXAdMediation_Tapjoy
    - TaurusXAdMediation_TikTok
    - TaurusXAdMediation_UnityAds
    - TaurusXAdMediation_Vungle
    - TaurusXAds
    - UnityAds
    - VungleSDK-iOS

SPEC CHECKSUMS:
  AdColony: fc02f429d6c4591567c7ae1426ebfcecb704b11f
  AdGeneration: 64283c2898b025d7a8ccdefe2f5382200939f81b
  AmazonAdSDK: d904f74444fa9bbf671ced9cf5abc9d9de41cdc5
  AppLovinSDK: d8541371c5f77209aff278b8e49e3a442f68d670
  Bytedance-UnionAD: 289dd37fe5378e49143a5918e2ef464e102a7243
  ChartboostSDK: 53030515811fcd99848244c2c2ff2031079d541b
  CriteoPublisherSdk: 4697cb44768aa99aa0347d920826a1d24a9e044f
  DIOSDK: f9af0cef17a7ac58199d3642ac745b42ba8af02d
  FBAudienceNetwork: 33fc8c8c07c1cdbf5279784b73729c6410809daa
  FBSDKCoreKit: a7bb9f5ac56c1e11d5f8ae0b90a3610f8744b43a
  Flurry-iOS-SDK: 71da0ebf2088b15d8899da71050efc8b33bfd21f
  Fyber_Marketplace_SDK: c6c32b0a89e50748a6c75fa73730a3870619d808
  GDTMobSDK: da0cfe597627720b69889314091964ca2f3ae1e5
  Google-Mobile-Ads-SDK: 65e335fadc97c5a91a9d4546214bfd3a2fb11047
  GoogleAppMeasurement: c29d405ff76e18551b5d158eaba6753fda8c7542
  GoogleUtilities: ad0f3b691c67909d03a3327cc205222ab8f42e0e
  IronSourceSDK: 5848e9831f2f83529d19c64eb8d22e3afb9ec3e6
  KSAdSDK: 92dc50638db819f66e994320ce342154f704cefe
  MaioSDK: 238fdcdd54ef8d45a1f02ac8b171ba5a037d976c
  Masonry: 678fab65091a9290e40e2832a55e7ab731aad201
  MintegralAdSDK: c7a2eb494f609635fae8e63135370a1023642302
  mopub-ios-sdk: 292b8e9a55a2e72a34afc04ec01e85486af46240
  nanopb: 18003b5e52dab79db540fe93fe9579f399bd1ccd
  NendSDK_iOS: c0c22a467a3f17d2945d1fd7c245b416274d8129
  Probe: 7c84e527365b12873036c6927de11305f2331792
  SigmobAd-iOS: 36b0a3ba34d3b0e809e75431869327ce45bf29ac
  TapjoySDK: 4325bc3c42ae91fed30929792a71d380c63a3c6c
  TaurusXAdMediation_AdColony: 20d012a59c744d13a832de368b3b1c68db1b90a7
  TaurusXAdMediation_AdGeneration: 175f4005cfb5ae4d7b6555cf1fcc54b98b8be31c
  TaurusXAdMediation_Amazon: db37b1a694ef76e56b310fff35f3388a83596779
  TaurusXAdMediation_AppLovin: b79c80072d6c092cd6f67bbb16b613103960ef45
  TaurusXAdMediation_Baidu: b0a89b48fa6a3dcb1fb09976259d5f4cba2f3a14
  TaurusXAdMediation_Chartboost: 4aa329cddc58630b9ca8fefdf6d76067ebe61329
  TaurusXAdMediation_Criteo: cc5d742d729db6d87ea8ddb62d9f90dbdc72bd51
  TaurusXAdMediation_DisplayIO: 1a874d1392aaeb182aca544cdc2ed63247c0c458
  TaurusXAdMediation_DUAdPlatform: 7b6514231da45a8a283cab40a99a531301986e03
  TaurusXAdMediation_Facebook: 91a4a63635fb60599ed096e9b97c69b390f3520f
  TaurusXAdMediation_Five: 6233cf0f9d35403fc11f8f714296c782962006bc
  TaurusXAdMediation_Flurry: 75723129dd51f7a856656713779a2d6448a291e1
  TaurusXAdMediation_Fyber: 635afa345ddd8258edb2c29fe5cc66727cefffc2
  TaurusXAdMediation_GDT: 87ae8a8f5e695aa4bd212ec7c02d0545764a7cef
  TaurusXAdMediation_GoogleAds: 938df26af2b5d1a80f806889fa1c295a9d042d17
  TaurusXAdMediation_Imobile: d10991028f37427739cfe2b43c51b5bda292a797
  TaurusXAdMediation_InMobi: 68c19467739f7cdb8b515be50489b48748b1c7d9
  TaurusXAdMediation_IronSource: 77dd5b38daac60e476ca77ad8aae8cc30316a575
  TaurusXAdMediation_KuaiShou: c6d18fb0ebb21674ec2df18c1808995c1bf3f46d
  TaurusXAdMediation_Maio: 45a579ce9353395435a5522f2d1f472e5c30ac66
  TaurusXAdMediation_Mobvista: bb7f86575ffae227d5f528afab6b4f6e7f78a6a1
  TaurusXAdMediation_MoPub: 47cbe6cb6aa52b32683f29b37eb023545c2d4e23
  TaurusXAdMediation_Nend: 6f8c360b6493b819f5672a2395e9d4491722c490
  TaurusXAdMediation_Sigmob: 26a17a64b4241884934b088921998860b3e374c6
  TaurusXAdMediation_Tapjoy: 6fa94dd65527432fa37ec7708c8cc10365c0f614
  TaurusXAdMediation_TikTok: 3044e04779bf49e690ee780f6f197bdf00c13086
  TaurusXAdMediation_UnityAds: 3c8698e873e0a37cbdc1ce4accb85669a2f56916
  TaurusXAdMediation_Vungle: 10c6ac72ffdd4d4328a9494fae19db6360bf5cb5
  TaurusXAds: c82b3615e4818cbece8e6d6e55d51147962974e9
  UnityAds: 0b7ecf8df83e8a3d62122a3fcf61e47c8e848f3c
  VungleSDK-iOS: 6bf8b4fef32afc169acbc1291485560c81ceb293

PODFILE CHECKSUM: 90e1cbac10ac739fdda84b7a49739b01c7bf4e04

COCOAPODS: 1.9.1
