// !$*UTF8*$!
{
	archiveVersion = 1;
	classes = {
	};
	objectVersion = 55;
	objects = {

/* Begin PBXBuildFile section */
		22FC0EAF236EC736004594C1 /* AppDelegate.m in Sources */ = {isa = PBXBuildFile; fileRef = 22FC0EAE236EC736004594C1 /* AppDelegate.m */; };
		22FC0EB5236EC736004594C1 /* Main.storyboard in Resources */ = {isa = PBXBuildFile; fileRef = 22FC0EB3236EC736004594C1 /* Main.storyboard */; };
		22FC0EBA236EC739004594C1 /* Assets.xcassets in Resources */ = {isa = PBXBuildFile; fileRef = 22FC0EB9236EC739004594C1 /* Assets.xcassets */; };
		22FC0EBD236EC739004594C1 /* LaunchScreen.storyboard in Resources */ = {isa = PBXBuildFile; fileRef = 22FC0EBB236EC739004594C1 /* LaunchScreen.storyboard */; };
		22FC0EC0236EC739004594C1 /* main.m in Sources */ = {isa = PBXBuildFile; fileRef = 22FC0EBF236EC739004594C1 /* main.m */; };
		22FC0EF8236ECAFF004594C1 /* InterstitialTestViewController.m in Sources */ = {isa = PBXBuildFile; fileRef = 22FC0EE6236ECAFB004594C1 /* InterstitialTestViewController.m */; };
		22FC0EF9236ECAFF004594C1 /* NativeTestViewController.m in Sources */ = {isa = PBXBuildFile; fileRef = 22FC0EE7236ECAFB004594C1 /* NativeTestViewController.m */; };
		22FC0EFA236ECAFF004594C1 /* BannerTestViewController.m in Sources */ = {isa = PBXBuildFile; fileRef = 22FC0EEB236ECAFC004594C1 /* BannerTestViewController.m */; };
		22FC0EFB236ECAFF004594C1 /* RewardedVideoTestViewController.m in Sources */ = {isa = PBXBuildFile; fileRef = 22FC0EEC236ECAFC004594C1 /* RewardedVideoTestViewController.m */; };
		22FC0EFC236ECAFF004594C1 /* NetworkTestViewController.m in Sources */ = {isa = PBXBuildFile; fileRef = 22FC0EEE236ECAFC004594C1 /* NetworkTestViewController.m */; };
		22FC0EFD236ECAFF004594C1 /* Resource.xcassets in Resources */ = {isa = PBXBuildFile; fileRef = 22FC0EF0236ECAFD004594C1 /* Resource.xcassets */; };
		22FC0EFE236ECAFF004594C1 /* LoadModelViewController.m in Sources */ = {isa = PBXBuildFile; fileRef = 22FC0EF1236ECAFD004594C1 /* LoadModelViewController.m */; };
		22FC0EFF236ECAFF004594C1 /* HomeViewController.m in Sources */ = {isa = PBXBuildFile; fileRef = 22FC0EF3236ECAFD004594C1 /* HomeViewController.m */; };
		22FC0F00236ECAFF004594C1 /* AdTypeViewController.m in Sources */ = {isa = PBXBuildFile; fileRef = 22FC0EF5236ECAFE004594C1 /* AdTypeViewController.m */; };
		22FC0F01236ECAFF004594C1 /* FeedListTestViewController.m in Sources */ = {isa = PBXBuildFile; fileRef = 22FC0EF6236ECAFE004594C1 /* FeedListTestViewController.m */; };
		AD64AE647E3217659E798C19 /* Pods_iOS_Demo.framework in Frameworks */ = {isa = PBXBuildFile; fileRef = B28CBE24AE6A398163BF142C /* Pods_iOS_Demo.framework */; };
		D4019A342371A9E40076FDF2 /* NativeAdView.m in Sources */ = {isa = PBXBuildFile; fileRef = D4019A312371A9E30076FDF2 /* NativeAdView.m */; };
		D4019A352371A9E40076FDF2 /* NativeAdView.xib in Resources */ = {isa = PBXBuildFile; fileRef = D4019A322371A9E30076FDF2 /* NativeAdView.xib */; };
		D427F69F237BBD6900FB927A /* UIView+Toast.m in Sources */ = {isa = PBXBuildFile; fileRef = D427F69E237BBD6800FB927A /* UIView+Toast.m */; };
		D45FE417237116D600995A0D /* MixViewTestViewController.m in Sources */ = {isa = PBXBuildFile; fileRef = D45FE415237116D500995A0D /* MixViewTestViewController.m */; };
		D45FE41A2371170600995A0D /* MixFullScreenTestViewController.m in Sources */ = {isa = PBXBuildFile; fileRef = D45FE4192371170600995A0D /* MixFullScreenTestViewController.m */; };
		D4C0217D237BA20600ED91C7 /* SplashTestViewController.m in Sources */ = {isa = PBXBuildFile; fileRef = D4C0217C237BA20500ED91C7 /* SplashTestViewController.m */; };
/* End PBXBuildFile section */

/* Begin PBXFileReference section */
		22FC0EAA236EC736004594C1 /* iOS_Demo.app */ = {isa = PBXFileReference; explicitFileType = wrapper.application; includeInIndex = 0; path = iOS_Demo.app; sourceTree = BUILT_PRODUCTS_DIR; };
		22FC0EAD236EC736004594C1 /* AppDelegate.h */ = {isa = PBXFileReference; lastKnownFileType = sourcecode.c.h; path = AppDelegate.h; sourceTree = "<group>"; };
		22FC0EAE236EC736004594C1 /* AppDelegate.m */ = {isa = PBXFileReference; lastKnownFileType = sourcecode.c.objc; path = AppDelegate.m; sourceTree = "<group>"; };
		22FC0EB4236EC736004594C1 /* Base */ = {isa = PBXFileReference; lastKnownFileType = file.storyboard; name = Base; path = Base.lproj/Main.storyboard; sourceTree = "<group>"; };
		22FC0EB9236EC739004594C1 /* Assets.xcassets */ = {isa = PBXFileReference; lastKnownFileType = folder.assetcatalog; path = Assets.xcassets; sourceTree = "<group>"; };
		22FC0EBC236EC739004594C1 /* Base */ = {isa = PBXFileReference; lastKnownFileType = file.storyboard; name = Base; path = Base.lproj/LaunchScreen.storyboard; sourceTree = "<group>"; };
		22FC0EBE236EC739004594C1 /* Info.plist */ = {isa = PBXFileReference; lastKnownFileType = text.plist.xml; path = Info.plist; sourceTree = "<group>"; };
		22FC0EBF236EC739004594C1 /* main.m */ = {isa = PBXFileReference; lastKnownFileType = sourcecode.c.objc; path = main.m; sourceTree = "<group>"; };
		22FC0EE4236ECAFA004594C1 /* NativeTestViewController.h */ = {isa = PBXFileReference; fileEncoding = 4; lastKnownFileType = sourcecode.c.h; path = NativeTestViewController.h; sourceTree = "<group>"; };
		22FC0EE5236ECAFB004594C1 /* NetworkTestViewController.h */ = {isa = PBXFileReference; fileEncoding = 4; lastKnownFileType = sourcecode.c.h; path = NetworkTestViewController.h; sourceTree = "<group>"; };
		22FC0EE6236ECAFB004594C1 /* InterstitialTestViewController.m */ = {isa = PBXFileReference; fileEncoding = 4; lastKnownFileType = sourcecode.c.objc; path = InterstitialTestViewController.m; sourceTree = "<group>"; };
		22FC0EE7236ECAFB004594C1 /* NativeTestViewController.m */ = {isa = PBXFileReference; fileEncoding = 4; lastKnownFileType = sourcecode.c.objc; path = NativeTestViewController.m; sourceTree = "<group>"; };
		22FC0EE8236ECAFB004594C1 /* BannerTestViewController.h */ = {isa = PBXFileReference; fileEncoding = 4; lastKnownFileType = sourcecode.c.h; path = BannerTestViewController.h; sourceTree = "<group>"; };
		22FC0EE9236ECAFB004594C1 /* RewardedVideoTestViewController.h */ = {isa = PBXFileReference; fileEncoding = 4; lastKnownFileType = sourcecode.c.h; path = RewardedVideoTestViewController.h; sourceTree = "<group>"; };
		22FC0EEA236ECAFB004594C1 /* InterstitialTestViewController.h */ = {isa = PBXFileReference; fileEncoding = 4; lastKnownFileType = sourcecode.c.h; path = InterstitialTestViewController.h; sourceTree = "<group>"; };
		22FC0EEB236ECAFC004594C1 /* BannerTestViewController.m */ = {isa = PBXFileReference; fileEncoding = 4; lastKnownFileType = sourcecode.c.objc; path = BannerTestViewController.m; sourceTree = "<group>"; };
		22FC0EEC236ECAFC004594C1 /* RewardedVideoTestViewController.m */ = {isa = PBXFileReference; fileEncoding = 4; lastKnownFileType = sourcecode.c.objc; path = RewardedVideoTestViewController.m; sourceTree = "<group>"; };
		22FC0EED236ECAFC004594C1 /* HomeViewController.h */ = {isa = PBXFileReference; fileEncoding = 4; lastKnownFileType = sourcecode.c.h; path = HomeViewController.h; sourceTree = "<group>"; };
		22FC0EEE236ECAFC004594C1 /* NetworkTestViewController.m */ = {isa = PBXFileReference; fileEncoding = 4; lastKnownFileType = sourcecode.c.objc; path = NetworkTestViewController.m; sourceTree = "<group>"; };
		22FC0EEF236ECAFC004594C1 /* AdTypeViewController.h */ = {isa = PBXFileReference; fileEncoding = 4; lastKnownFileType = sourcecode.c.h; path = AdTypeViewController.h; sourceTree = "<group>"; };
		22FC0EF0236ECAFD004594C1 /* Resource.xcassets */ = {isa = PBXFileReference; lastKnownFileType = folder.assetcatalog; path = Resource.xcassets; sourceTree = "<group>"; };
		22FC0EF1236ECAFD004594C1 /* LoadModelViewController.m */ = {isa = PBXFileReference; fileEncoding = 4; lastKnownFileType = sourcecode.c.objc; path = LoadModelViewController.m; sourceTree = "<group>"; };
		22FC0EF2236ECAFD004594C1 /* FeedListTestViewController.h */ = {isa = PBXFileReference; fileEncoding = 4; lastKnownFileType = sourcecode.c.h; path = FeedListTestViewController.h; sourceTree = "<group>"; };
		22FC0EF3236ECAFD004594C1 /* HomeViewController.m */ = {isa = PBXFileReference; fileEncoding = 4; lastKnownFileType = sourcecode.c.objc; path = HomeViewController.m; sourceTree = "<group>"; };
		22FC0EF4236ECAFE004594C1 /* LoadModelViewController.h */ = {isa = PBXFileReference; fileEncoding = 4; lastKnownFileType = sourcecode.c.h; path = LoadModelViewController.h; sourceTree = "<group>"; };
		22FC0EF5236ECAFE004594C1 /* AdTypeViewController.m */ = {isa = PBXFileReference; fileEncoding = 4; lastKnownFileType = sourcecode.c.objc; path = AdTypeViewController.m; sourceTree = "<group>"; };
		22FC0EF6236ECAFE004594C1 /* FeedListTestViewController.m */ = {isa = PBXFileReference; fileEncoding = 4; lastKnownFileType = sourcecode.c.objc; path = FeedListTestViewController.m; sourceTree = "<group>"; };
		22FC0EF7236ECAFE004594C1 /* macro.h */ = {isa = PBXFileReference; fileEncoding = 4; lastKnownFileType = sourcecode.c.h; path = macro.h; sourceTree = "<group>"; };
		5F13980F7C674F28D054E36C /* Pods-iOS_Demo.release.xcconfig */ = {isa = PBXFileReference; includeInIndex = 1; lastKnownFileType = text.xcconfig; name = "Pods-iOS_Demo.release.xcconfig"; path = "Target Support Files/Pods-iOS_Demo/Pods-iOS_Demo.release.xcconfig"; sourceTree = "<group>"; };
		86306F28B1683D80B35B203D /* Pods-iOS_Demo.debug.xcconfig */ = {isa = PBXFileReference; includeInIndex = 1; lastKnownFileType = text.xcconfig; name = "Pods-iOS_Demo.debug.xcconfig"; path = "Target Support Files/Pods-iOS_Demo/Pods-iOS_Demo.debug.xcconfig"; sourceTree = "<group>"; };
		B28CBE24AE6A398163BF142C /* Pods_iOS_Demo.framework */ = {isa = PBXFileReference; explicitFileType = wrapper.framework; includeInIndex = 0; path = Pods_iOS_Demo.framework; sourceTree = BUILT_PRODUCTS_DIR; };
		D4019A312371A9E30076FDF2 /* NativeAdView.m */ = {isa = PBXFileReference; fileEncoding = 4; lastKnownFileType = sourcecode.c.objc; path = NativeAdView.m; sourceTree = "<group>"; };
		D4019A322371A9E30076FDF2 /* NativeAdView.xib */ = {isa = PBXFileReference; fileEncoding = 4; lastKnownFileType = file.xib; path = NativeAdView.xib; sourceTree = "<group>"; };
		D4019A332371A9E30076FDF2 /* NativeAdView.h */ = {isa = PBXFileReference; fileEncoding = 4; lastKnownFileType = sourcecode.c.h; path = NativeAdView.h; sourceTree = "<group>"; };
		D427F69D237BBD6800FB927A /* UIView+Toast.h */ = {isa = PBXFileReference; fileEncoding = 4; lastKnownFileType = sourcecode.c.h; path = "UIView+Toast.h"; sourceTree = "<group>"; };
		D427F69E237BBD6800FB927A /* UIView+Toast.m */ = {isa = PBXFileReference; fileEncoding = 4; lastKnownFileType = sourcecode.c.objc; path = "UIView+Toast.m"; sourceTree = "<group>"; };
		D45FE415237116D500995A0D /* MixViewTestViewController.m */ = {isa = PBXFileReference; fileEncoding = 4; lastKnownFileType = sourcecode.c.objc; path = MixViewTestViewController.m; sourceTree = "<group>"; };
		D45FE416237116D500995A0D /* MixViewTestViewController.h */ = {isa = PBXFileReference; fileEncoding = 4; lastKnownFileType = sourcecode.c.h; path = MixViewTestViewController.h; sourceTree = "<group>"; };
		D45FE4182371170600995A0D /* MixFullScreenTestViewController.h */ = {isa = PBXFileReference; fileEncoding = 4; lastKnownFileType = sourcecode.c.h; path = MixFullScreenTestViewController.h; sourceTree = "<group>"; };
		D45FE4192371170600995A0D /* MixFullScreenTestViewController.m */ = {isa = PBXFileReference; fileEncoding = 4; lastKnownFileType = sourcecode.c.objc; path = MixFullScreenTestViewController.m; sourceTree = "<group>"; };
		D4C0217B237BA20500ED91C7 /* SplashTestViewController.h */ = {isa = PBXFileReference; fileEncoding = 4; lastKnownFileType = sourcecode.c.h; path = SplashTestViewController.h; sourceTree = "<group>"; };
		D4C0217C237BA20500ED91C7 /* SplashTestViewController.m */ = {isa = PBXFileReference; fileEncoding = 4; lastKnownFileType = sourcecode.c.objc; path = SplashTestViewController.m; sourceTree = "<group>"; };
/* End PBXFileReference section */

/* Begin PBXFrameworksBuildPhase section */
		22FC0EA7236EC736004594C1 /* Frameworks */ = {
			isa = PBXFrameworksBuildPhase;
			buildActionMask = 2147483647;
			files = (
				AD64AE647E3217659E798C19 /* Pods_iOS_Demo.framework in Frameworks */,
			);
			runOnlyForDeploymentPostprocessing = 0;
		};
/* End PBXFrameworksBuildPhase section */

/* Begin PBXGroup section */
		22FC0EA1236EC736004594C1 = {
			isa = PBXGroup;
			children = (
				22FC0EAC236EC736004594C1 /* iOS_Demo */,
				22FC0EAB236EC736004594C1 /* Products */,
				FE8288F0692BE382A228FD88 /* Frameworks */,
				9F06F8133E6C869CB587FB2D /* Pods */,
			);
			sourceTree = "<group>";
		};
		22FC0EAB236EC736004594C1 /* Products */ = {
			isa = PBXGroup;
			children = (
				22FC0EAA236EC736004594C1 /* iOS_Demo.app */,
			);
			name = Products;
			sourceTree = "<group>";
		};
		22FC0EAC236EC736004594C1 /* iOS_Demo */ = {
			isa = PBXGroup;
			children = (
				D427F6A0237BBD7200FB927A /* util */,
				22FC0EEF236ECAFC004594C1 /* AdTypeViewController.h */,
				22FC0EF5236ECAFE004594C1 /* AdTypeViewController.m */,
				22FC0EAD236EC736004594C1 /* AppDelegate.h */,
				22FC0EAE236EC736004594C1 /* AppDelegate.m */,
				22FC0EB9236EC739004594C1 /* Assets.xcassets */,
				22FC0EE8236ECAFB004594C1 /* BannerTestViewController.h */,
				22FC0EEB236ECAFC004594C1 /* BannerTestViewController.m */,
				22FC0EF2236ECAFD004594C1 /* FeedListTestViewController.h */,
				22FC0EF6236ECAFE004594C1 /* FeedListTestViewController.m */,
				D45FE416237116D500995A0D /* MixViewTestViewController.h */,
				D45FE415237116D500995A0D /* MixViewTestViewController.m */,
				22FC0EED236ECAFC004594C1 /* HomeViewController.h */,
				22FC0EF3236ECAFD004594C1 /* HomeViewController.m */,
				22FC0EBE236EC739004594C1 /* Info.plist */,
				D4019A332371A9E30076FDF2 /* NativeAdView.h */,
				D4019A312371A9E30076FDF2 /* NativeAdView.m */,
				D4019A322371A9E30076FDF2 /* NativeAdView.xib */,
				22FC0EEA236ECAFB004594C1 /* InterstitialTestViewController.h */,
				22FC0EE6236ECAFB004594C1 /* InterstitialTestViewController.m */,
				D4C0217B237BA20500ED91C7 /* SplashTestViewController.h */,
				D4C0217C237BA20500ED91C7 /* SplashTestViewController.m */,
				D45FE4182371170600995A0D /* MixFullScreenTestViewController.h */,
				D45FE4192371170600995A0D /* MixFullScreenTestViewController.m */,
				22FC0EBB236EC739004594C1 /* LaunchScreen.storyboard */,
				22FC0EF4236ECAFE004594C1 /* LoadModelViewController.h */,
				22FC0EF1236ECAFD004594C1 /* LoadModelViewController.m */,
				22FC0EBF236EC739004594C1 /* main.m */,
				22FC0EB3236EC736004594C1 /* Main.storyboard */,
				22FC0EE4236ECAFA004594C1 /* NativeTestViewController.h */,
				22FC0EE7236ECAFB004594C1 /* NativeTestViewController.m */,
				22FC0EE5236ECAFB004594C1 /* NetworkTestViewController.h */,
				22FC0EEE236ECAFC004594C1 /* NetworkTestViewController.m */,
				22FC0EF0236ECAFD004594C1 /* Resource.xcassets */,
				22FC0EE9236ECAFB004594C1 /* RewardedVideoTestViewController.h */,
				22FC0EEC236ECAFC004594C1 /* RewardedVideoTestViewController.m */,
			);
			path = iOS_Demo;
			sourceTree = "<group>";
		};
		9F06F8133E6C869CB587FB2D /* Pods */ = {
			isa = PBXGroup;
			children = (
				86306F28B1683D80B35B203D /* Pods-iOS_Demo.debug.xcconfig */,
				5F13980F7C674F28D054E36C /* Pods-iOS_Demo.release.xcconfig */,
			);
			path = Pods;
			sourceTree = "<group>";
		};
		D427F6A0237BBD7200FB927A /* util */ = {
			isa = PBXGroup;
			children = (
				D427F69D237BBD6800FB927A /* UIView+Toast.h */,
				D427F69E237BBD6800FB927A /* UIView+Toast.m */,
				22FC0EF7236ECAFE004594C1 /* macro.h */,
			);
			path = util;
			sourceTree = "<group>";
		};
		FE8288F0692BE382A228FD88 /* Frameworks */ = {
			isa = PBXGroup;
			children = (
				B28CBE24AE6A398163BF142C /* Pods_iOS_Demo.framework */,
			);
			name = Frameworks;
			sourceTree = "<group>";
		};
/* End PBXGroup section */

/* Begin PBXNativeTarget section */
		22FC0EA9236EC736004594C1 /* iOS_Demo */ = {
			isa = PBXNativeTarget;
			buildConfigurationList = 22FC0EC3236EC739004594C1 /* Build configuration list for PBXNativeTarget "iOS_Demo" */;
			buildPhases = (
				E72B549A036325BCB7400354 /* [CP] Check Pods Manifest.lock */,
				22FC0EA6236EC736004594C1 /* Sources */,
				22FC0EA7236EC736004594C1 /* Frameworks */,
				22FC0EA8236EC736004594C1 /* Resources */,
				F8FF5CFD21A5216A1DEE6417 /* [CP] Embed Pods Frameworks */,
				29F4EE45CF03B12CE23F3833 /* [CP] Copy Pods Resources */,
			);
			buildRules = (
			);
			dependencies = (
			);
			name = iOS_Demo;
			productName = iOS_Demo;
			productReference = 22FC0EAA236EC736004594C1 /* iOS_Demo.app */;
			productType = "com.apple.product-type.application";
		};
/* End PBXNativeTarget section */

/* Begin PBXProject section */
		22FC0EA2236EC736004594C1 /* Project object */ = {
			isa = PBXProject;
			attributes = {
				LastUpgradeCheck = 0940;
				ORGANIZATIONNAME = "王航";
				TargetAttributes = {
					22FC0EA9236EC736004594C1 = {
						CreatedOnToolsVersion = 9.4.1;
					};
				};
			};
			buildConfigurationList = 22FC0EA5236EC736004594C1 /* Build configuration list for PBXProject "iOS_Demo" */;
			compatibilityVersion = "Xcode 13.0";
			developmentRegion = en;
			hasScannedForEncodings = 0;
			knownRegions = (
				en,
				Base,
			);
			mainGroup = 22FC0EA1236EC736004594C1;
			productRefGroup = 22FC0EAB236EC736004594C1 /* Products */;
			projectDirPath = "";
			projectRoot = "";
			targets = (
				22FC0EA9236EC736004594C1 /* iOS_Demo */,
			);
		};
/* End PBXProject section */

/* Begin PBXResourcesBuildPhase section */
		22FC0EA8236EC736004594C1 /* Resources */ = {
			isa = PBXResourcesBuildPhase;
			buildActionMask = 2147483647;
			files = (
				22FC0EBD236EC739004594C1 /* LaunchScreen.storyboard in Resources */,
				22FC0EFD236ECAFF004594C1 /* Resource.xcassets in Resources */,
				D4019A352371A9E40076FDF2 /* NativeAdView.xib in Resources */,
				22FC0EBA236EC739004594C1 /* Assets.xcassets in Resources */,
				22FC0EB5236EC736004594C1 /* Main.storyboard in Resources */,
			);
			runOnlyForDeploymentPostprocessing = 0;
		};
/* End PBXResourcesBuildPhase section */

/* Begin PBXShellScriptBuildPhase section */
		29F4EE45CF03B12CE23F3833 /* [CP] Copy Pods Resources */ = {
			isa = PBXShellScriptBuildPhase;
			buildActionMask = 2147483647;
			files = (
			);
			inputFileListPaths = (
				"${PODS_ROOT}/Target Support Files/Pods-iOS_Demo/Pods-iOS_Demo-resources-${CONFIGURATION}-input-files.xcfilelist",
			);
			name = "[CP] Copy Pods Resources";
			outputFileListPaths = (
				"${PODS_ROOT}/Target Support Files/Pods-iOS_Demo/Pods-iOS_Demo-resources-${CONFIGURATION}-output-files.xcfilelist",
			);
			runOnlyForDeploymentPostprocessing = 0;
			shellPath = /bin/sh;
			shellScript = "\"${PODS_ROOT}/Target Support Files/Pods-iOS_Demo/Pods-iOS_Demo-resources.sh\"\n";
			showEnvVarsInLog = 0;
		};
		E72B549A036325BCB7400354 /* [CP] Check Pods Manifest.lock */ = {
			isa = PBXShellScriptBuildPhase;
			buildActionMask = 2147483647;
			files = (
			);
			inputPaths = (
				"${PODS_PODFILE_DIR_PATH}/Podfile.lock",
				"${PODS_ROOT}/Manifest.lock",
			);
			name = "[CP] Check Pods Manifest.lock";
			outputPaths = (
				"$(DERIVED_FILE_DIR)/Pods-iOS_Demo-checkManifestLockResult.txt",
			);
			runOnlyForDeploymentPostprocessing = 0;
			shellPath = /bin/sh;
			shellScript = "diff \"${PODS_PODFILE_DIR_PATH}/Podfile.lock\" \"${PODS_ROOT}/Manifest.lock\" > /dev/null\nif [ $? != 0 ] ; then\n    # print error to STDERR\n    echo \"error: The sandbox is not in sync with the Podfile.lock. Run 'pod install' or update your CocoaPods installation.\" >&2\n    exit 1\nfi\n# This output is used by Xcode 'outputs' to avoid re-running this script phase.\necho \"SUCCESS\" > \"${SCRIPT_OUTPUT_FILE_0}\"\n";
			showEnvVarsInLog = 0;
		};
		F8FF5CFD21A5216A1DEE6417 /* [CP] Embed Pods Frameworks */ = {
			isa = PBXShellScriptBuildPhase;
			buildActionMask = 2147483647;
			files = (
			);
			inputFileListPaths = (
				"${PODS_ROOT}/Target Support Files/Pods-iOS_Demo/Pods-iOS_Demo-frameworks-${CONFIGURATION}-input-files.xcfilelist",
			);
			name = "[CP] Embed Pods Frameworks";
			outputFileListPaths = (
				"${PODS_ROOT}/Target Support Files/Pods-iOS_Demo/Pods-iOS_Demo-frameworks-${CONFIGURATION}-output-files.xcfilelist",
			);
			runOnlyForDeploymentPostprocessing = 0;
			shellPath = /bin/sh;
			shellScript = "\"${PODS_ROOT}/Target Support Files/Pods-iOS_Demo/Pods-iOS_Demo-frameworks.sh\"\n";
			showEnvVarsInLog = 0;
		};
/* End PBXShellScriptBuildPhase section */

/* Begin PBXSourcesBuildPhase section */
		22FC0EA6236EC736004594C1 /* Sources */ = {
			isa = PBXSourcesBuildPhase;
			buildActionMask = 2147483647;
			files = (
				22FC0EFB236ECAFF004594C1 /* RewardedVideoTestViewController.m in Sources */,
				22FC0EFE236ECAFF004594C1 /* LoadModelViewController.m in Sources */,
				22FC0F00236ECAFF004594C1 /* AdTypeViewController.m in Sources */,
				22FC0EF9236ECAFF004594C1 /* NativeTestViewController.m in Sources */,
				22FC0EC0236EC739004594C1 /* main.m in Sources */,
				22FC0EFF236ECAFF004594C1 /* HomeViewController.m in Sources */,
				22FC0F01236ECAFF004594C1 /* FeedListTestViewController.m in Sources */,
				D4C0217D237BA20600ED91C7 /* SplashTestViewController.m in Sources */,
				D427F69F237BBD6900FB927A /* UIView+Toast.m in Sources */,
				22FC0EAF236EC736004594C1 /* AppDelegate.m in Sources */,
				22FC0EFC236ECAFF004594C1 /* NetworkTestViewController.m in Sources */,
				22FC0EF8236ECAFF004594C1 /* InterstitialTestViewController.m in Sources */,
				D4019A342371A9E40076FDF2 /* NativeAdView.m in Sources */,
				D45FE417237116D600995A0D /* MixViewTestViewController.m in Sources */,
				D45FE41A2371170600995A0D /* MixFullScreenTestViewController.m in Sources */,
				22FC0EFA236ECAFF004594C1 /* BannerTestViewController.m in Sources */,
			);
			runOnlyForDeploymentPostprocessing = 0;
		};
/* End PBXSourcesBuildPhase section */

/* Begin PBXVariantGroup section */
		22FC0EB3236EC736004594C1 /* Main.storyboard */ = {
			isa = PBXVariantGroup;
			children = (
				22FC0EB4236EC736004594C1 /* Base */,
			);
			name = Main.storyboard;
			sourceTree = "<group>";
		};
		22FC0EBB236EC739004594C1 /* LaunchScreen.storyboard */ = {
			isa = PBXVariantGroup;
			children = (
				22FC0EBC236EC739004594C1 /* Base */,
			);
			name = LaunchScreen.storyboard;
			sourceTree = "<group>";
		};
/* End PBXVariantGroup section */

/* Begin XCBuildConfiguration section */
		22FC0EC1236EC739004594C1 /* Debug */ = {
			isa = XCBuildConfiguration;
			buildSettings = {
				ALWAYS_SEARCH_USER_PATHS = NO;
				CLANG_ANALYZER_NONNULL = YES;
				CLANG_ANALYZER_NUMBER_OBJECT_CONVERSION = YES_AGGRESSIVE;
				CLANG_CXX_LANGUAGE_STANDARD = "gnu++14";
				CLANG_CXX_LIBRARY = "libc++";
				CLANG_ENABLE_MODULES = YES;
				CLANG_ENABLE_OBJC_ARC = YES;
				CLANG_ENABLE_OBJC_WEAK = YES;
				CLANG_WARN_BLOCK_CAPTURE_AUTORELEASING = YES;
				CLANG_WARN_BOOL_CONVERSION = YES;
				CLANG_WARN_COMMA = YES;
				CLANG_WARN_CONSTANT_CONVERSION = YES;
				CLANG_WARN_DEPRECATED_OBJC_IMPLEMENTATIONS = YES;
				CLANG_WARN_DIRECT_OBJC_ISA_USAGE = YES_ERROR;
				CLANG_WARN_DOCUMENTATION_COMMENTS = YES;
				CLANG_WARN_EMPTY_BODY = YES;
				CLANG_WARN_ENUM_CONVERSION = YES;
				CLANG_WARN_INFINITE_RECURSION = YES;
				CLANG_WARN_INT_CONVERSION = YES;
				CLANG_WARN_NON_LITERAL_NULL_CONVERSION = YES;
				CLANG_WARN_OBJC_IMPLICIT_RETAIN_SELF = YES;
				CLANG_WARN_OBJC_LITERAL_CONVERSION = YES;
				CLANG_WARN_OBJC_ROOT_CLASS = YES_ERROR;
				CLANG_WARN_RANGE_LOOP_ANALYSIS = YES;
				CLANG_WARN_STRICT_PROTOTYPES = YES;
				CLANG_WARN_SUSPICIOUS_MOVE = YES;
				CLANG_WARN_UNGUARDED_AVAILABILITY = YES_AGGRESSIVE;
				CLANG_WARN_UNREACHABLE_CODE = YES;
				CLANG_WARN__DUPLICATE_METHOD_MATCH = YES;
				CODE_SIGN_IDENTITY = "iPhone Developer";
				COPY_PHASE_STRIP = NO;
				DEBUG_INFORMATION_FORMAT = dwarf;
				ENABLE_STRICT_OBJC_MSGSEND = YES;
				ENABLE_TESTABILITY = YES;
				GCC_C_LANGUAGE_STANDARD = gnu11;
				GCC_DYNAMIC_NO_PIC = NO;
				GCC_NO_COMMON_BLOCKS = YES;
				GCC_OPTIMIZATION_LEVEL = 0;
				GCC_PREPROCESSOR_DEFINITIONS = (
					"DEBUG=1",
					"$(inherited)",
				);
				GCC_WARN_64_TO_32_BIT_CONVERSION = YES;
				GCC_WARN_ABOUT_RETURN_TYPE = YES_ERROR;
				GCC_WARN_UNDECLARED_SELECTOR = YES;
				GCC_WARN_UNINITIALIZED_AUTOS = YES_AGGRESSIVE;
				GCC_WARN_UNUSED_FUNCTION = YES;
				GCC_WARN_UNUSED_VARIABLE = YES;
				IPHONEOS_DEPLOYMENT_TARGET = 12.0;
				MTL_ENABLE_DEBUG_INFO = YES;
				ONLY_ACTIVE_ARCH = YES;
				SDKROOT = iphoneos;
			};
			name = Debug;
		};
		22FC0EC2236EC739004594C1 /* Release */ = {
			isa = XCBuildConfiguration;
			buildSettings = {
				ALWAYS_SEARCH_USER_PATHS = NO;
				CLANG_ANALYZER_NONNULL = YES;
				CLANG_ANALYZER_NUMBER_OBJECT_CONVERSION = YES_AGGRESSIVE;
				CLANG_CXX_LANGUAGE_STANDARD = "gnu++14";
				CLANG_CXX_LIBRARY = "libc++";
				CLANG_ENABLE_MODULES = YES;
				CLANG_ENABLE_OBJC_ARC = YES;
				CLANG_ENABLE_OBJC_WEAK = YES;
				CLANG_WARN_BLOCK_CAPTURE_AUTORELEASING = YES;
				CLANG_WARN_BOOL_CONVERSION = YES;
				CLANG_WARN_COMMA = YES;
				CLANG_WARN_CONSTANT_CONVERSION = YES;
				CLANG_WARN_DEPRECATED_OBJC_IMPLEMENTATIONS = YES;
				CLANG_WARN_DIRECT_OBJC_ISA_USAGE = YES_ERROR;
				CLANG_WARN_DOCUMENTATION_COMMENTS = YES;
				CLANG_WARN_EMPTY_BODY = YES;
				CLANG_WARN_ENUM_CONVERSION = YES;
				CLANG_WARN_INFINITE_RECURSION = YES;
				CLANG_WARN_INT_CONVERSION = YES;
				CLANG_WARN_NON_LITERAL_NULL_CONVERSION = YES;
				CLANG_WARN_OBJC_IMPLICIT_RETAIN_SELF = YES;
				CLANG_WARN_OBJC_LITERAL_CONVERSION = YES;
				CLANG_WARN_OBJC_ROOT_CLASS = YES_ERROR;
				CLANG_WARN_RANGE_LOOP_ANALYSIS = YES;
				CLANG_WARN_STRICT_PROTOTYPES = YES;
				CLANG_WARN_SUSPICIOUS_MOVE = YES;
				CLANG_WARN_UNGUARDED_AVAILABILITY = YES_AGGRESSIVE;
				CLANG_WARN_UNREACHABLE_CODE = YES;
				CLANG_WARN__DUPLICATE_METHOD_MATCH = YES;
				CODE_SIGN_IDENTITY = "iPhone Developer";
				COPY_PHASE_STRIP = NO;
				DEBUG_INFORMATION_FORMAT = "dwarf-with-dsym";
				ENABLE_NS_ASSERTIONS = NO;
				ENABLE_STRICT_OBJC_MSGSEND = YES;
				GCC_C_LANGUAGE_STANDARD = gnu11;
				GCC_NO_COMMON_BLOCKS = YES;
				GCC_WARN_64_TO_32_BIT_CONVERSION = YES;
				GCC_WARN_ABOUT_RETURN_TYPE = YES_ERROR;
				GCC_WARN_UNDECLARED_SELECTOR = YES;
				GCC_WARN_UNINITIALIZED_AUTOS = YES_AGGRESSIVE;
				GCC_WARN_UNUSED_FUNCTION = YES;
				GCC_WARN_UNUSED_VARIABLE = YES;
				IPHONEOS_DEPLOYMENT_TARGET = 12.0;
				MTL_ENABLE_DEBUG_INFO = NO;
				SDKROOT = iphoneos;
				VALIDATE_PRODUCT = YES;
			};
			name = Release;
		};
		22FC0EC4236EC739004594C1 /* Debug */ = {
			isa = XCBuildConfiguration;
			baseConfigurationReference = 86306F28B1683D80B35B203D /* Pods-iOS_Demo.debug.xcconfig */;
			buildSettings = {
				ASSETCATALOG_COMPILER_APPICON_NAME = AppIcon;
				CODE_SIGN_STYLE = Automatic;
				DEVELOPMENT_TEAM = 35ZY8UVTB7;
				EXCLUDED_ARCHS = "";
				"EXCLUDED_ARCHS[sdk=iphonesimulator*]" = "";
				FRAMEWORK_SEARCH_PATHS = (
					"$(inherited)",
					"$(PROJECT_DIR)/Pods",
					"$(PROJECT_DIR)/iOS_Demo",
					"$(PROJECT_DIR)",
				);
				INFOPLIST_FILE = iOS_Demo/Info.plist;
				IPHONEOS_DEPLOYMENT_TARGET = 12.0;
				LD_RUNPATH_SEARCH_PATHS = (
					"$(inherited)",
					"@executable_path/Frameworks",
				);
				OTHER_LDFLAGS = (
					"$(inherited)",
					"-framework",
					"\"Foundation\"",
					"-framework",
					"\"Masonry\"",
					"-framework",
					"\"UIKit\"",
					"-ObjC",
				);
				PRODUCT_BUNDLE_IDENTIFIER = com.sport.FancyGo;
				PRODUCT_NAME = "$(TARGET_NAME)";
				TARGETED_DEVICE_FAMILY = "1,2";
			};
			name = Debug;
		};
		22FC0EC5236EC739004594C1 /* Release */ = {
			isa = XCBuildConfiguration;
			baseConfigurationReference = 5F13980F7C674F28D054E36C /* Pods-iOS_Demo.release.xcconfig */;
			buildSettings = {
				ASSETCATALOG_COMPILER_APPICON_NAME = AppIcon;
				CODE_SIGN_STYLE = Automatic;
				DEVELOPMENT_TEAM = 35ZY8UVTB7;
				EXCLUDED_ARCHS = "";
				"EXCLUDED_ARCHS[sdk=iphonesimulator*]" = "";
				FRAMEWORK_SEARCH_PATHS = (
					"$(inherited)",
					"$(PROJECT_DIR)/Pods",
					"$(PROJECT_DIR)/iOS_Demo",
					"$(PROJECT_DIR)",
				);
				INFOPLIST_FILE = iOS_Demo/Info.plist;
				IPHONEOS_DEPLOYMENT_TARGET = 12.0;
				LD_RUNPATH_SEARCH_PATHS = (
					"$(inherited)",
					"@executable_path/Frameworks",
				);
				OTHER_LDFLAGS = (
					"$(inherited)",
					"-framework",
					"\"Foundation\"",
					"-framework",
					"\"Masonry\"",
					"-framework",
					"\"UIKit\"",
					"-ObjC",
				);
				PRODUCT_BUNDLE_IDENTIFIER = com.sport.FancyGo;
				PRODUCT_NAME = "$(TARGET_NAME)";
				TARGETED_DEVICE_FAMILY = "1,2";
			};
			name = Release;
		};
/* End XCBuildConfiguration section */

/* Begin XCConfigurationList section */
		22FC0EA5236EC736004594C1 /* Build configuration list for PBXProject "iOS_Demo" */ = {
			isa = XCConfigurationList;
			buildConfigurations = (
				22FC0EC1236EC739004594C1 /* Debug */,
				22FC0EC2236EC739004594C1 /* Release */,
			);
			defaultConfigurationIsVisible = 0;
			defaultConfigurationName = Release;
		};
		22FC0EC3236EC739004594C1 /* Build configuration list for PBXNativeTarget "iOS_Demo" */ = {
			isa = XCConfigurationList;
			buildConfigurations = (
				22FC0EC4236EC739004594C1 /* Debug */,
				22FC0EC5236EC739004594C1 /* Release */,
			);
			defaultConfigurationIsVisible = 0;
			defaultConfigurationName = Release;
		};
/* End XCConfigurationList section */
	};
	rootObject = 22FC0EA2236EC736004594C1 /* Project object */;
}
